// !$*UTF8*$!
{
	archiveVersion = 1;
	classes = {
	};
	objectVersion = 46;
	objects = {

/* Begin PBXBuildFile section */
		041DB9331EFEC5DE00FDB398 /* AppDelegate.swift in Sources */ = {isa = PBXBuildFile; fileRef = 041DB9321EFEC5DE00FDB398 /* AppDelegate.swift */; };
		041DB9351EFEC5DE00FDB398 /* ViewController.swift in Sources */ = {isa = PBXBuildFile; fileRef = 041DB9341EFEC5DE00FDB398 /* ViewController.swift */; };
		041DB9381EFEC5DE00FDB398 /* Main.storyboard in Resources */ = {isa = PBXBuildFile; fileRef = 041DB9361EFEC5DE00FDB398 /* Main.storyboard */; };
		041DB93A1EFEC5DE00FDB398 /* Assets.xcassets in Resources */ = {isa = PBXBuildFile; fileRef = 041DB9391EFEC5DE00FDB398 /* Assets.xcassets */; };
		041DB93D1EFEC5DE00FDB398 /* LaunchScreen.storyboard in Resources */ = {isa = PBXBuildFile; fileRef = 041DB93B1EFEC5DE00FDB398 /* LaunchScreen.storyboard */; };
		041DB9481EFEC5DE00FDB398 /* ThirdHomework_2Tests.swift in Sources */ = {isa = PBXBuildFile; fileRef = 041DB9471EFEC5DE00FDB398 /* ThirdHomework_2Tests.swift */; };
		041DB9531EFEC5DE00FDB398 /* ThirdHomework_2UITests.swift in Sources */ = {isa = PBXBuildFile; fileRef = 041DB9521EFEC5DE00FDB398 /* ThirdHomework_2UITests.swift */; };
/* End PBXBuildFile section */

/* Begin PBXContainerItemProxy section */
		041DB9441EFEC5DE00FDB398 /* PBXContainerItemProxy */ = {
			isa = PBXContainerItemProxy;
			containerPortal = 041DB9271EFEC5DE00FDB398 /* Project object */;
			proxyType = 1;
			remoteGlobalIDString = 041DB92E1EFEC5DE00FDB398;
			remoteInfo = ThirdHomework_2;
		};
		041DB94F1EFEC5DE00FDB398 /* PBXContainerItemProxy */ = {
			isa = PBXContainerItemProxy;
			containerPortal = 041DB9271EFEC5DE00FDB398 /* Project object */;
			proxyType = 1;
			remoteGlobalIDString = 041DB92E1EFEC5DE00FDB398;
			remoteInfo = ThirdHomework_2;
		};
/* End PBXContainerItemProxy section */

/* Begin PBXFileReference section */
		041DB92F1EFEC5DE00FDB398 /* ThirdHomework_2.app */ = {isa = PBXFileReference; explicitFileType = wrapper.application; includeInIndex = 0; path = ThirdHomework_2.app; sourceTree = BUILT_PRODUCTS_DIR; };
		041DB9321EFEC5DE00FDB398 /* AppDelegate.swift */ = {isa = PBXFileReference; lastKnownFileType = sourcecode.swift; path = AppDelegate.swift; sourceTree = "<group>"; };
		041DB9341EFEC5DE00FDB398 /* ViewController.swift */ = {isa = PBXFileReference; lastKnownFileType = sourcecode.swift; path = ViewController.swift; sourceTree = "<group>"; };
		041DB9371EFEC5DE00FDB398 /* Base */ = {isa = PBXFileReference; lastKnownFileType = file.storyboard; name = Base; path = Base.lproj/Main.storyboard; sourceTree = "<group>"; };
		041DB9391EFEC5DE00FDB398 /* Assets.xcassets */ = {isa = PBXFileReference; lastKnownFileType = folder.assetcatalog; path = Assets.xcassets; sourceTree = "<group>"; };
		041DB93C1EFEC5DE00FDB398 /* Base */ = {isa = PBXFileReference; lastKnownFileType = file.storyboard; name = Base; path = Base.lproj/LaunchScreen.storyboard; sourceTree = "<group>"; };
		041DB93E1EFEC5DE00FDB398 /* Info.plist */ = {isa = PBXFileReference; lastKnownFileType = text.plist.xml; path = Info.plist; sourceTree = "<group>"; };
		041DB9431EFEC5DE00FDB398 /* ThirdHomework_2Tests.xctest */ = {isa = PBXFileReference; explicitFileType = wrapper.cfbundle; includeInIndex = 0; path = ThirdHomework_2Tests.xctest; sourceTree = BUILT_PRODUCTS_DIR; };
		041DB9471EFEC5DE00FDB398 /* ThirdHomework_2Tests.swift */ = {isa = PBXFileReference; lastKnownFileType = sourcecode.swift; path = ThirdHomework_2Tests.swift; sourceTree = "<group>"; };
		041DB9491EFEC5DE00FDB398 /* Info.plist */ = {isa = PBXFileReference; lastKnownFileType = text.plist.xml; path = Info.plist; sourceTree = "<group>"; };
		041DB94E1EFEC5DE00FDB398 /* ThirdHomework_2UITests.xctest */ = {isa = PBXFileReference; explicitFileType = wrapper.cfbundle; includeInIndex = 0; path = ThirdHomework_2UITests.xctest; sourceTree = BUILT_PRODUCTS_DIR; };
		041DB9521EFEC5DE00FDB398 /* ThirdHomework_2UITests.swift */ = {isa = PBXFileReference; lastKnownFileType = sourcecode.swift; path = ThirdHomework_2UITests.swift; sourceTree = "<group>"; };
		041DB9541EFEC5DE00FDB398 /* Info.plist */ = {isa = PBXFileReference; lastKnownFileType = text.plist.xml; path = Info.plist; sourceTree = "<group>"; };
/* End PBXFileReference section */

/* Begin PBXFrameworksBuildPhase section */
		041DB92C1EFEC5DE00FDB398 /* Frameworks */ = {
			isa = PBXFrameworksBuildPhase;
			buildActionMask = 2147483647;
			files = (
			);
			runOnlyForDeploymentPostprocessing = 0;
		};
		041DB9401EFEC5DE00FDB398 /* Frameworks */ = {
			isa = PBXFrameworksBuildPhase;
			buildActionMask = 2147483647;
			files = (
			);
			runOnlyForDeploymentPostprocessing = 0;
		};
		041DB94B1EFEC5DE00FDB398 /* Frameworks */ = {
			isa = PBXFrameworksBuildPhase;
			buildActionMask = 2147483647;
			files = (
			);
			runOnlyForDeploymentPostprocessing = 0;
		};
/* End PBXFrameworksBuildPhase section */

/* Begin PBXGroup section */
		041DB9261EFEC5DE00FDB398 = {
			isa = PBXGroup;
			children = (
				041DB9311EFEC5DE00FDB398 /* ThirdHomework_2 */,
				041DB9461EFEC5DE00FDB398 /* ThirdHomework_2Tests */,
				041DB9511EFEC5DE00FDB398 /* ThirdHomework_2UITests */,
				041DB9301EFEC5DE00FDB398 /* Products */,
			);
			sourceTree = "<group>";
		};
		041DB9301EFEC5DE00FDB398 /* Products */ = {
			isa = PBXGroup;
			children = (
				041DB92F1EFEC5DE00FDB398 /* ThirdHomework_2.app */,
				041DB9431EFEC5DE00FDB398 /* ThirdHomework_2Tests.xctest */,
				041DB94E1EFEC5DE00FDB398 /* ThirdHomework_2UITests.xctest */,
			);
			name = Products;
			sourceTree = "<group>";
		};
		041DB9311EFEC5DE00FDB398 /* ThirdHomework_2 */ = {
			isa = PBXGroup;
			children = (
				041DB9321EFEC5DE00FDB398 /* AppDelegate.swift */,
				041DB9341EFEC5DE00FDB398 /* ViewController.swift */,
				041DB9361EFEC5DE00FDB398 /* Main.storyboard */,
				041DB9391EFEC5DE00FDB398 /* Assets.xcassets */,
				041DB93B1EFEC5DE00FDB398 /* LaunchScreen.storyboard */,
				041DB93E1EFEC5DE00FDB398 /* Info.plist */,
			);
			path = ThirdHomework_2;
			sourceTree = "<group>";
		};
		041DB9461EFEC5DE00FDB398 /* ThirdHomework_2Tests */ = {
			isa = PBXGroup;
			children = (
				041DB9471EFEC5DE00FDB398 /* ThirdHomework_2Tests.swift */,
				041DB9491EFEC5DE00FDB398 /* Info.plist */,
			);
			path = ThirdHomework_2Tests;
			sourceTree = "<group>";
		};
		041DB9511EFEC5DE00FDB398 /* ThirdHomework_2UITests */ = {
			isa = PBXGroup;
			children = (
				041DB9521EFEC5DE00FDB398 /* ThirdHomework_2UITests.swift */,
				041DB9541EFEC5DE00FDB398 /* Info.plist */,
			);
			path = ThirdHomework_2UITests;
			sourceTree = "<group>";
		};
/* End PBXGroup section */

/* Begin PBXNativeTarget section */
		041DB92E1EFEC5DE00FDB398 /* ThirdHomework_2 */ = {
			isa = PBXNativeTarget;
			buildConfigurationList = 041DB9571EFEC5DE00FDB398 /* Build configuration list for PBXNativeTarget "ThirdHomework_2" */;
			buildPhases = (
				041DB92B1EFEC5DE00FDB398 /* Sources */,
				041DB92C1EFEC5DE00FDB398 /* Frameworks */,
				041DB92D1EFEC5DE00FDB398 /* Resources */,
			);
			buildRules = (
			);
			dependencies = (
			);
			name = ThirdHomework_2;
			productName = ThirdHomework_2;
			productReference = 041DB92F1EFEC5DE00FDB398 /* ThirdHomework_2.app */;
			productType = "com.apple.product-type.application";
		};
		041DB9421EFEC5DE00FDB398 /* ThirdHomework_2Tests */ = {
			isa = PBXNativeTarget;
			buildConfigurationList = 041DB95A1EFEC5DE00FDB398 /* Build configuration list for PBXNativeTarget "ThirdHomework_2Tests" */;
			buildPhases = (
				041DB93F1EFEC5DE00FDB398 /* Sources */,
				041DB9401EFEC5DE00FDB398 /* Frameworks */,
				041DB9411EFEC5DE00FDB398 /* Resources */,
			);
			buildRules = (
			);
			dependencies = (
				041DB9451EFEC5DE00FDB398 /* PBXTargetDependency */,
			);
			name = ThirdHomework_2Tests;
			productName = ThirdHomework_2Tests;
			productReference = 041DB9431EFEC5DE00FDB398 /* ThirdHomework_2Tests.xctest */;
			productType = "com.apple.product-type.bundle.unit-test";
		};
		041DB94D1EFEC5DE00FDB398 /* ThirdHomework_2UITests */ = {
			isa = PBXNativeTarget;
			buildConfigurationList = 041DB95D1EFEC5DE00FDB398 /* Build configuration list for PBXNativeTarget "ThirdHomework_2UITests" */;
			buildPhases = (
				041DB94A1EFEC5DE00FDB398 /* Sources */,
				041DB94B1EFEC5DE00FDB398 /* Frameworks */,
				041DB94C1EFEC5DE00FDB398 /* Resources */,
			);
			buildRules = (
			);
			dependencies = (
				041DB9501EFEC5DE00FDB398 /* PBXTargetDependency */,
			);
			name = ThirdHomework_2UITests;
			productName = ThirdHomework_2UITests;
			productReference = 041DB94E1EFEC5DE00FDB398 /* ThirdHomework_2UITests.xctest */;
			productType = "com.apple.product-type.bundle.ui-testing";
		};
/* End PBXNativeTarget section */

/* Begin PBXProject section */
		041DB9271EFEC5DE00FDB398 /* Project object */ = {
			isa = PBXProject;
			attributes = {
				LastSwiftUpdateCheck = 0830;
				LastUpgradeCheck = 0830;
				ORGANIZATIONNAME = "Web Academy";
				TargetAttributes = {
					041DB92E1EFEC5DE00FDB398 = {
						CreatedOnToolsVersion = 8.3.2;
						ProvisioningStyle = Automatic;
					};
					041DB9421EFEC5DE00FDB398 = {
						CreatedOnToolsVersion = 8.3.2;
						ProvisioningStyle = Automatic;
						TestTargetID = 041DB92E1EFEC5DE00FDB398;
					};
					041DB94D1EFEC5DE00FDB398 = {
						CreatedOnToolsVersion = 8.3.2;
						ProvisioningStyle = Automatic;
						TestTargetID = 041DB92E1EFEC5DE00FDB398;
					};
				};
			};
			buildConfigurationList = 041DB92A1EFEC5DE00FDB398 /* Build configuration list for PBXProject "ThirdHomework_2" */;
			compatibilityVersion = "Xcode 3.2";
			developmentRegion = English;
			hasScannedForEncodings = 0;
			knownRegions = (
				en,
				Base,
			);
			mainGroup = 041DB9261EFEC5DE00FDB398;
			productRefGroup = 041DB9301EFEC5DE00FDB398 /* Products */;
			projectDirPath = "";
			projectRoot = "";
			targets = (
				041DB92E1EFEC5DE00FDB398 /* ThirdHomework_2 */,
				041DB9421EFEC5DE00FDB398 /* ThirdHomework_2Tests */,
				041DB94D1EFEC5DE00FDB398 /* ThirdHomework_2UITests */,
			);
		};
/* End PBXProject section */

/* Begin PBXResourcesBuildPhase section */
		041DB92D1EFEC5DE00FDB398 /* Resources */ = {
			isa = PBXResourcesBuildPhase;
			buildActionMask = 2147483647;
			files = (
				041DB93D1EFEC5DE00FDB398 /* LaunchScreen.storyboard in Resources */,
				041DB93A1EFEC5DE00FDB398 /* Assets.xcassets in Resources */,
				041DB9381EFEC5DE00FDB398 /* Main.storyboard in Resources */,
			);
			runOnlyForDeploymentPostprocessing = 0;
		};
		041DB9411EFEC5DE00FDB398 /* Resources */ = {
			isa = PBXResourcesBuildPhase;
			buildActionMask = 2147483647;
			files = (
			);
			runOnlyForDeploymentPostprocessing = 0;
		};
		041DB94C1EFEC5DE00FDB398 /* Resources */ = {
			isa = PBXResourcesBuildPhase;
			buildActionMask = 2147483647;
			files = (
			);
			runOnlyForDeploymentPostprocessing = 0;
		};
/* End PBXResourcesBuildPhase section */

/* Begin PBXSourcesBuildPhase section */
		041DB92B1EFEC5DE00FDB398 /* Sources */ = {
			isa = PBXSourcesBuildPhase;
			buildActionMask = 2147483647;
			files = (
				041DB9351EFEC5DE00FDB398 /* ViewController.swift in Sources */,
				041DB9331EFEC5DE00FDB398 /* AppDelegate.swift in Sources */,
			);
			runOnlyForDeploymentPostprocessing = 0;
		};
		041DB93F1EFEC5DE00FDB398 /* Sources */ = {
			isa = PBXSourcesBuildPhase;
			buildActionMask = 2147483647;
			files = (
				041DB9481EFEC5DE00FDB398 /* ThirdHomework_2Tests.swift in Sources */,
			);
			runOnlyForDeploymentPostprocessing = 0;
		};
		041DB94A1EFEC5DE00FDB398 /* Sources */ = {
			isa = PBXSourcesBuildPhase;
			buildActionMask = 2147483647;
			files = (
				041DB9531EFEC5DE00FDB398 /* ThirdHomework_2UITests.swift in Sources */,
			);
			runOnlyForDeploymentPostprocessing = 0;
		};
/* End PBXSourcesBuildPhase section */

/* Begin PBXTargetDependency section */
		041DB9451EFEC5DE00FDB398 /* PBXTargetDependency */ = {
			isa = PBXTargetDependency;
			target = 041DB92E1EFEC5DE00FDB398 /* ThirdHomework_2 */;
			targetProxy = 041DB9441EFEC5DE00FDB398 /* PBXContainerItemProxy */;
		};
		041DB9501EFEC5DE00FDB398 /* PBXTargetDependency */ = {
			isa = PBXTargetDependency;
			target = 041DB92E1EFEC5DE00FDB398 /* ThirdHomework_2 */;
			targetProxy = 041DB94F1EFEC5DE00FDB398 /* PBXContainerItemProxy */;
		};
/* End PBXTargetDependency section */

/* Begin PBXVariantGroup section */
		041DB9361EFEC5DE00FDB398 /* Main.storyboard */ = {
			isa = PBXVariantGroup;
			children = (
				041DB9371EFEC5DE00FDB398 /* Base */,
			);
			name = Main.storyboard;
			sourceTree = "<group>";
		};
		041DB93B1EFEC5DE00FDB398 /* LaunchScreen.storyboard */ = {
			isa = PBXVariantGroup;
			children = (
				041DB93C1EFEC5DE00FDB398 /* Base */,
			);
			name = LaunchScreen.storyboard;
			sourceTree = "<group>";
		};
/* End PBXVariantGroup section */

/* Begin XCBuildConfiguration section */
		041DB9551EFEC5DE00FDB398 /* Debug */ = {
			isa = XCBuildConfiguration;
			buildSettings = {
				ALWAYS_SEARCH_USER_PATHS = NO;
				CLANG_ANALYZER_NONNULL = YES;
				CLANG_ANALYZER_NUMBER_OBJECT_CONVERSION = YES_AGGRESSIVE;
				CLANG_CXX_LANGUAGE_STANDARD = "gnu++0x";
				CLANG_CXX_LIBRARY = "libc++";
				CLANG_ENABLE_MODULES = YES;
				CLANG_ENABLE_OBJC_ARC = YES;
				CLANG_WARN_BOOL_CONVERSION = YES;
				CLANG_WARN_CONSTANT_CONVERSION = YES;
				CLANG_WARN_DIRECT_OBJC_ISA_USAGE = YES_ERROR;
				CLANG_WARN_DOCUMENTATION_COMMENTS = YES;
				CLANG_WARN_EMPTY_BODY = YES;
				CLANG_WARN_ENUM_CONVERSION = YES;
				CLANG_WARN_INFINITE_RECURSION = YES;
				CLANG_WARN_INT_CONVERSION = YES;
				CLANG_WARN_OBJC_ROOT_CLASS = YES_ERROR;
				CLANG_WARN_SUSPICIOUS_MOVE = YES;
				CLANG_WARN_UNREACHABLE_CODE = YES;
				CLANG_WARN__DUPLICATE_METHOD_MATCH = YES;
				"CODE_SIGN_IDENTITY[sdk=iphoneos*]" = "iPhone Developer";
				COPY_PHASE_STRIP = NO;
				DEBUG_INFORMATION_FORMAT = dwarf;
				ENABLE_STRICT_OBJC_MSGSEND = YES;
				ENABLE_TESTABILITY = YES;
				GCC_C_LANGUAGE_STANDARD = gnu99;
				GCC_DYNAMIC_NO_PIC = NO;
				GCC_NO_COMMON_BLOCKS = YES;
				GCC_OPTIMIZATION_LEVEL = 0;
				GCC_PREPROCESSOR_DEFINITIONS = (
					"DEBUG=1",
					"$(inherited)",
				);
				GCC_WARN_64_TO_32_BIT_CONVERSION = YES;
				GCC_WARN_ABOUT_RETURN_TYPE = YES_ERROR;
				GCC_WARN_UNDECLARED_SELECTOR = YES;
				GCC_WARN_UNINITIALIZED_AUTOS = YES_AGGRESSIVE;
				GCC_WARN_UNUSED_FUNCTION = YES;
				GCC_WARN_UNUSED_VARIABLE = YES;
				IPHONEOS_DEPLOYMENT_TARGET = 10.3;
				MTL_ENABLE_DEBUG_INFO = YES;
				ONLY_ACTIVE_ARCH = YES;
				SDKROOT = iphoneos;
				SWIFT_ACTIVE_COMPILATION_CONDITIONS = DEBUG;
				SWIFT_OPTIMIZATION_LEVEL = "-Onone";
			};
			name = Debug;
		};
		041DB9561EFEC5DE00FDB398 /* Release */ = {
			isa = XCBuildConfiguration;
			buildSettings = {
				ALWAYS_SEARCH_USER_PATHS = NO;
				CLANG_ANALYZER_NONNULL = YES;
				CLANG_ANALYZER_NUMBER_OBJECT_CONVERSION = YES_AGGRESSIVE;
				CLANG_CXX_LANGUAGE_STANDARD = "gnu++0x";
				CLANG_CXX_LIBRARY = "libc++";
				CLANG_ENABLE_MODULES = YES;
				CLANG_ENABLE_OBJC_ARC = YES;
				CLANG_WARN_BOOL_CONVERSION = YES;
				CLANG_WARN_CONSTANT_CONVERSION = YES;
				CLANG_WARN_DIRECT_OBJC_ISA_USAGE = YES_ERROR;
				CLANG_WARN_DOCUMENTATION_COMMENTS = YES;
				CLANG_WARN_EMPTY_BODY = YES;
				CLANG_WARN_ENUM_CONVERSION = YES;
				CLANG_WARN_INFINITE_RECURSION = YES;
				CLANG_WARN_INT_CONVERSION = YES;
				CLANG_WARN_OBJC_ROOT_CLASS = YES_ERROR;
				CLANG_WARN_SUSPICIOUS_MOVE = YES;
				CLANG_WARN_UNREACHABLE_CODE = YES;
				CLANG_WARN__DUPLICATE_METHOD_MATCH = YES;
				"CODE_SIGN_IDENTITY[sdk=iphoneos*]" = "iPhone Developer";
				COPY_PHASE_STRIP = NO;
				DEBUG_INFORMATION_FORMAT = "dwarf-with-dsym";
				ENABLE_NS_ASSERTIONS = NO;
				ENABLE_STRICT_OBJC_MSGSEND = YES;
				GCC_C_LANGUAGE_STANDARD = gnu99;
				GCC_NO_COMMON_BLOCKS = YES;
				GCC_WARN_64_TO_32_BIT_CONVERSION = YES;
				GCC_WARN_ABOUT_RETURN_TYPE = YES_ERROR;
				GCC_WARN_UNDECLARED_SELECTOR = YES;
				GCC_WARN_UNINITIALIZED_AUTOS = YES_AGGRESSIVE;
				GCC_WARN_UNUSED_FUNCTION = YES;
				GCC_WARN_UNUSED_VARIABLE = YES;
				IPHONEOS_DEPLOYMENT_TARGET = 10.3;
				MTL_ENABLE_DEBUG_INFO = NO;
				SDKROOT = iphoneos;
				SWIFT_OPTIMIZATION_LEVEL = "-Owholemodule";
				VALIDATE_PRODUCT = YES;
			};
			name = Release;
		};
		041DB9581EFEC5DE00FDB398 /* Debug */ = {
			isa = XCBuildConfiguration;
			buildSettings = {
				ASSETCATALOG_COMPILER_APPICON_NAME = AppIcon;
				INFOPLIST_FILE = ThirdHomework_2/Info.plist;
				LD_RUNPATH_SEARCH_PATHS = "$(inherited) @executable_path/Frameworks";
				PRODUCT_BUNDLE_IDENTIFIER = "web.ThirdHomework-2";
				PRODUCT_NAME = "$(TARGET_NAME)";
				SWIFT_VERSION = 3.0;
			};
			name = Debug;
		};
		041DB9591EFEC5DE00FDB398 /* Release */ = {
			isa = XCBuildConfiguration;
			buildSettings = {
				ASSETCATALOG_COMPILER_APPICON_NAME = AppIcon;
				INFOPLIST_FILE = ThirdHomework_2/Info.plist;
				LD_RUNPATH_SEARCH_PATHS = "$(inherited) @executable_path/Frameworks";
				PRODUCT_BUNDLE_IDENTIFIER = "web.ThirdHomework-2";
				PRODUCT_NAME = "$(TARGET_NAME)";
				SWIFT_VERSION = 3.0;
			};
			name = Release;
		};
		041DB95B1EFEC5DE00FDB398 /* Debug */ = {
			isa = XCBuildConfiguration;
			buildSettings = {
				ALWAYS_EMBED_SWIFT_STANDARD_LIBRARIES = YES;
				BUNDLE_LOADER = "$(TEST_HOST)";
				INFOPLIST_FILE = ThirdHomework_2Tests/Info.plist;
				LD_RUNPATH_SEARCH_PATHS = "$(inherited) @executable_path/Frameworks @loader_path/Frameworks";
				PRODUCT_BUNDLE_IDENTIFIER = "web.ThirdHomework-2Tests";
				PRODUCT_NAME = "$(TARGET_NAME)";
				SWIFT_VERSION = 3.0;
				TEST_HOST = "$(BUILT_PRODUCTS_DIR)/ThirdHomework_2.app/ThirdHomework_2";
			};
			name = Debug;
		};
		041DB95C1EFEC5DE00FDB398 /* Release */ = {
			isa = XCBuildConfiguration;
			buildSettings = {
				ALWAYS_EMBED_SWIFT_STANDARD_LIBRARIES = YES;
				BUNDLE_LOADER = "$(TEST_HOST)";
				INFOPLIST_FILE = ThirdHomework_2Tests/Info.plist;
				LD_RUNPATH_SEARCH_PATHS = "$(inherited) @executable_path/Frameworks @loader_path/Frameworks";
				PRODUCT_BUNDLE_IDENTIFIER = "web.ThirdHomework-2Tests";
				PRODUCT_NAME = "$(TARGET_NAME)";
				SWIFT_VERSION = 3.0;
				TEST_HOST = "$(BUILT_PRODUCTS_DIR)/ThirdHomework_2.app/ThirdHomework_2";
			};
			name = Release;
		};
		041DB95E1EFEC5DE00FDB398 /* Debug */ = {
			isa = XCBuildConfiguration;
			buildSettings = {
				ALWAYS_EMBED_SWIFT_STANDARD_LIBRARIES = YES;
				INFOPLIST_FILE = ThirdHomework_2UITests/Info.plist;
				LD_RUNPATH_SEARCH_PATHS = "$(inherited) @executable_path/Frameworks @loader_path/Frameworks";
				PRODUCT_BUNDLE_IDENTIFIER = "web.ThirdHomework-2UITests";
				PRODUCT_NAME = "$(TARGET_NAME)";
				SWIFT_VERSION = 3.0;
				TEST_TARGET_NAME = ThirdHomework_2;
			};
			name = Debug;
		};
		041DB95F1EFEC5DE00FDB398 /* Release */ = {
			isa = XCBuildConfiguration;
			buildSettings = {
				ALWAYS_EMBED_SWIFT_STANDARD_LIBRARIES = YES;
				INFOPLIST_FILE = ThirdHomework_2UITests/Info.plist;
				LD_RUNPATH_SEARCH_PATHS = "$(inherited) @executable_path/Frameworks @loader_path/Frameworks";
				PRODUCT_BUNDLE_IDENTIFIER = "web.ThirdHomework-2UITests";
				PRODUCT_NAME = "$(TARGET_NAME)";
				SWIFT_VERSION = 3.0;
				TEST_TARGET_NAME = ThirdHomework_2;
			};
			name = Release;
		};
/* End XCBuildConfiguration section */

/* Begin XCConfigurationList section */
		041DB92A1EFEC5DE00FDB398 /* Build configuration list for PBXProject "ThirdHomework_2" */ = {
			isa = XCConfigurationList;
			buildConfigurations = (
				041DB9551EFEC5DE00FDB398 /* Debug */,
				041DB9561EFEC5DE00FDB398 /* Release */,
			);
			defaultConfigurationIsVisible = 0;
			defaultConfigurationName = Release;
		};
		041DB9571EFEC5DE00FDB398 /* Build configuration list for PBXNativeTarget "ThirdHomework_2" */ = {
			isa = XCConfigurationList;
			buildConfigurations = (
				041DB9581EFEC5DE00FDB398 /* Debug */,
				041DB9591EFEC5DE00FDB398 /* Release */,
			);
			defaultConfigurationIsVisible = 0;
		};
		041DB95A1EFEC5DE00FDB398 /* Build configuration list for PBXNativeTarget "ThirdHomework_2Tests" */ = {
			isa = XCConfigurationList;
			buildConfigurations = (
				041DB95B1EFEC5DE00FDB398 /* Debug */,
				041DB95C1EFEC5DE00FDB398 /* Release */,
			);
			defaultConfigurationIsVisible = 0;
		};
		041DB95D1EFEC5DE00FDB398 /* Build configuration list for PBXNativeTarget "ThirdHomework_2UITests" */ = {
			isa = XCConfigurationList;
			buildConfigurations = (
				041DB95E1EFEC5DE00FDB398 /* Debug */,
				041DB95F1EFEC5DE00FDB398 /* Release */,
			);
			defaultConfigurationIsVisible = 0;
		};
/* End XCConfigurationList section */
	};
	rootObject = 041DB9271EFEC5DE00FDB398 /* Project object */;
}
